
Microsoft Visual Studio Solution File, Format Version 12.00
# Visual Studio Version 17
VisualStudioVersion = 17.0.31903.59
MinimumVisualStudioVersion = 10.0.40219.1
Project("{FAE04EC0-301F-11D3-BF4B-00C04F79EFBC}") = "HolidayCountdown.Android", "HolidayCountdown\HolidayCountdown.Android\HolidayCountdown.Android.csproj", "{C97937EA-1257-47D2-8471-49FBE397A8DE}"
EndProject
Project("{9A19103F-16F7-4668-BE54-9A1E7A4F7556}") = "HolidayCountdown", "HolidayCountdown\HolidayCountdown\HolidayCountdown.csproj", "{519DB0D1-9DE3-4289-8EB3-BFCDCBA8F9CD}"
EndProject
Global
	GlobalSection(SolutionConfigurationPlatforms) = preSolution
		Debug|Any CPU = Debug|Any CPU
		Debug|iPhone = Debug|iPhone
		Debug|iPhoneSimulator = Debug|iPhoneSimulator
		Release|Any CPU = Release|Any CPU
		Release|iPhone = Release|iPhone
		Release|iPhoneSimulator = Release|iPhoneSimulator
	EndGlobalSection
	GlobalSection(ProjectConfigurationPlatforms) = postSolution
		{C97937EA-1257-47D2-8471-49FBE397A8DE}.Debug|Any CPU.ActiveCfg = Debug|Any CPU
		{C97937EA-1257-47D2-8471-49FBE397A8DE}.Debug|Any CPU.Build.0 = Debug|Any CPU
		{C97937EA-1257-47D2-8471-49FBE397A8DE}.Debug|Any CPU.Deploy.0 = Debug|Any CPU
		{C97937EA-1257-47D2-8471-49FBE397A8DE}.Debug|iPhone.ActiveCfg = Debug|Any CPU
		{C97937EA-1257-47D2-8471-49FBE397A8DE}.Debug|iPhone.Build.0 = Debug|Any CPU
		{C97937EA-1257-47D2-8471-49FBE397A8DE}.Debug|iPhone.Deploy.0 = Debug|Any CPU
		{C97937EA-1257-47D2-8471-49FBE397A8DE}.Debug|iPhoneSimulator.ActiveCfg = Debug|Any CPU
		{C97937EA-1257-47D2-8471-49FBE397A8DE}.Debug|iPhoneSimulator.Build.0 = Debug|Any CPU
		{C97937EA-1257-47D2-8471-49FBE397A8DE}.Debug|iPhoneSimulator.Deploy.0 = Debug|Any CPU
		{C97937EA-1257-47D2-8471-49FBE397A8DE}.Release|Any CPU.ActiveCfg = Release|Any CPU
		{C97937EA-1257-47D2-8471-49FBE397A8DE}.Release|Any CPU.Build.0 = Release|Any CPU
		{C97937EA-1257-47D2-8471-49FBE397A8DE}.Release|Any CPU.Deploy.0 = Release|Any CPU
		{C97937EA-1257-47D2-8471-49FBE397A8DE}.Release|iPhone.ActiveCfg = Release|Any CPU
		{C97937EA-1257-47D2-8471-49FBE397A8DE}.Release|iPhone.Build.0 = Release|Any CPU
		{C97937EA-1257-47D2-8471-49FBE397A8DE}.Release|iPhone.Deploy.0 = Release|Any CPU
		{C97937EA-1257-47D2-8471-49FBE397A8DE}.Release|iPhoneSimulator.ActiveCfg = Release|Any CPU
		{C97937EA-1257-47D2-8471-49FBE397A8DE}.Release|iPhoneSimulator.Build.0 = Release|Any CPU
		{C97937EA-1257-47D2-8471-49FBE397A8DE}.Release|iPhoneSimulator.Deploy.0 = Release|Any CPU
		{519DB0D1-9DE3-4289-8EB3-BFCDCBA8F9CD}.Debug|Any CPU.ActiveCfg = Debug|Any CPU
		{519DB0D1-9DE3-4289-8EB3-BFCDCBA8F9CD}.Debug|Any CPU.Build.0 = Debug|Any CPU
		{519DB0D1-9DE3-4289-8EB3-BFCDCBA8F9CD}.Debug|Any CPU.Deploy.0 = Debug|Any CPU
		{519DB0D1-9DE3-4289-8EB3-BFCDCBA8F9CD}.Debug|iPhone.ActiveCfg = Debug|Any CPU
		{519DB0D1-9DE3-4289-8EB3-BFCDCBA8F9CD}.Debug|iPhone.Build.0 = Debug|Any CPU
		{519DB0D1-9DE3-4289-8EB3-BFCDCBA8F9CD}.Debug|iPhone.Deploy.0 = Debug|Any CPU
		{519DB0D1-9DE3-4289-8EB3-BFCDCBA8F9CD}.Debug|iPhoneSimulator.ActiveCfg = Debug|Any CPU
		{519DB0D1-9DE3-4289-8EB3-BFCDCBA8F9CD}.Debug|iPhoneSimulator.Build.0 = Debug|Any CPU
		{519DB0D1-9DE3-4289-8EB3-BFCDCBA8F9CD}.Debug|iPhoneSimulator.Deploy.0 = Debug|Any CPU
		{519DB0D1-9DE3-4289-8EB3-BFCDCBA8F9CD}.Release|Any CPU.ActiveCfg = Release|Any CPU
		{519DB0D1-9DE3-4289-8EB3-BFCDCBA8F9CD}.Release|Any CPU.Build.0 = Release|Any CPU
		{519DB0D1-9DE3-4289-8EB3-BFCDCBA8F9CD}.Release|Any CPU.Deploy.0 = Release|Any CPU
		{519DB0D1-9DE3-4289-8EB3-BFCDCBA8F9CD}.Release|iPhone.ActiveCfg = Release|Any CPU
		{519DB0D1-9DE3-4289-8EB3-BFCDCBA8F9CD}.Release|iPhone.Build.0 = Release|Any CPU
		{519DB0D1-9DE3-4289-8EB3-BFCDCBA8F9CD}.Release|iPhone.Deploy.0 = Release|Any CPU
		{519DB0D1-9DE3-4289-8EB3-BFCDCBA8F9CD}.Release|iPhoneSimulator.ActiveCfg = Release|Any CPU
		{519DB0D1-9DE3-4289-8EB3-BFCDCBA8F9CD}.Release|iPhoneSimulator.Build.0 = Release|Any CPU
		{519DB0D1-9DE3-4289-8EB3-BFCDCBA8F9CD}.Release|iPhoneSimulator.Deploy.0 = Release|Any CPU
	EndGlobalSection
	GlobalSection(SolutionProperties) = preSolution
		HideSolutionNode = FALSE
	EndGlobalSection
	GlobalSection(ExtensibilityGlobals) = postSolution
		SolutionGuid = {1F0F8A3C-83B8-4D9A-8BC9-10573379DF91}
	EndGlobalSection
EndGlobal
